{
  "name": "basix_webphone",
  "version": "1.0.0",
  "lockfileVersion": 2,
  "requires": true,
  "packages": {
    "": {
      "name": "basix_webphone",
      "version": "1.0.0",
      "license": "MIT",
      "dependencies": {
        "events": "^3.2.0",
        "sip.js": "^0.12.0"
      }
    },
    "node_modules/crypto-js": {
      "version": "3.3.0",
      "resolved": "https://registry.npmjs.org/crypto-js/-/crypto-js-3.3.0.tgz",
      "integrity": "sha512-DIT51nX0dCfKltpRiXV+/TVZq+Qq2NgF4644+K7Ttnla7zEzqc+kjJyiB96BHNyUTBxyjzRcZYpUdZa+QAqi6Q=="
    },
    "node_modules/events": {
      "version": "3.3.0",
      "resolved": "https://registry.npmjs.org/events/-/events-3.3.0.tgz",
      "integrity": "sha512-mQw+2fkQbALzQ7V0MY0IqdnXNOeTtP4r0lN9z7AAawCXgqea7bDii20AYrIBrFd/Hx0M2Ocz6S111CaFkUcb0Q==",
      "engines": {
        "node": ">=0.8.x"
      }
    },
    "node_modules/sip.js": {
      "version": "0.12.0",
      "resolved": "https://registry.npmjs.org/sip.js/-/sip.js-0.12.0.tgz",
      "integrity": "sha512-mbbK7+5fZC0PhVjDgFGQAsKpBplzw4BA63tOI2pia+TmNau9OB7W0ol/rgytqbb/CSLalBoN/x3C21KA6HjZzg==",
      "dependencies": {
        "crypto-js": "^3.1.9-1"
      },
      "engines": {
        "node": ">=6.0"
      }
    }
  },
  "dependencies": {
    "crypto-js": {
      "version": "3.3.0",
      "resolved": "https://registry.npmjs.org/crypto-js/-/crypto-js-3.3.0.tgz",
      "integrity": "sha512-DIT51nX0dCfKltpRiXV+/TVZq+Qq2NgF4644+K7Ttnla7zEzqc+kjJyiB96BHNyUTBxyjzRcZYpUdZa+QAqi6Q=="
    },
    "events": {
      "version": "3.3.0",
      "resolved": "https://registry.npmjs.org/events/-/events-3.3.0.tgz",
      "integrity": "sha512-mQw+2fkQbALzQ7V0MY0IqdnXNOeTtP4r0lN9z7AAawCXgqea7bDii20AYrIBrFd/Hx0M2Ocz6S111CaFkUcb0Q=="
    },
    "sip.js": {
      "version": "0.12.0",
      "resolved": "https://registry.npmjs.org/sip.js/-/sip.js-0.12.0.tgz",
      "integrity": "sha512-mbbK7+5fZC0PhVjDgFGQAsKpBplzw4BA63tOI2pia+TmNau9OB7W0ol/rgytqbb/CSLalBoN/x3C21KA6HjZzg==",
      "requires": {
        "crypto-js": "^3.1.9-1"
      }
    }
  }
}
